{
  "originHash" : "3a5a51828218897957d643e9ca5d88c0c4e3c628da4da5b2cd53cb01de8f15b2",
  "pins" : [
    {
      "identity" : "toasty",
      "kind" : "remoteSourceControl",
      "location" : "https://github.com/Fenriz1349/Toasty",
      "state" : {
        "revision" : "a410c5be368d29108e3cec01ec15badb0c107bae",
        "version" : "1.0.0"
      }
    }
  ],
  "version" : 3
}
