// !$*UTF8*$!
{
	archiveVersion = 1;
	classes = {
	};
	objectVersion = 77;
	objects = {

/* Begin PBXBuildFile section */
		6800E6D62EEC654400D07092 /* Assets.xcassets in Resources */ = {isa = PBXBuildFile; fileRef = 6800E6D22EEC654400D07092 /* Assets.xcassets */; };
		6800E6D72EEC654400D07092 /* Clothing.swift in Sources */ = {isa = PBXBuildFile; fileRef = 6800E6D02EEC654400D07092 /* Clothing.swift */; };
		6800E6D92EEC654400D07092 /* JoiefullApp.swift in Sources */ = {isa = PBXBuildFile; fileRef = 6800E6D42EEC654400D07092 /* JoiefullApp.swift */; };
		6800E6DE2EEC658200D07092 /* Picture.swift in Sources */ = {isa = PBXBuildFile; fileRef = 6800E6DD2EEC658200D07092 /* Picture.swift */; };
		6800E6E02EEC65A800D07092 /* ClothingService.swift in Sources */ = {isa = PBXBuildFile; fileRef = 6800E6DF2EEC65A800D07092 /* ClothingService.swift */; };
		6800E6E22EEC65BE00D07092 /* ClothingLoadingViewModel.swift in Sources */ = {isa = PBXBuildFile; fileRef = 6800E6E12EEC65BE00D07092 /* ClothingLoadingViewModel.swift */; };
		6809CD8A2EF3E0070061BDAA /* ClothingListView.swift in Sources */ = {isa = PBXBuildFile; fileRef = 6809CD892EF3E0070061BDAA /* ClothingListView.swift */; };
		6809CD8C2EF3E0290061BDAA /* ClothingCardView.swift in Sources */ = {isa = PBXBuildFile; fileRef = 6809CD8B2EF3E0290061BDAA /* ClothingCardView.swift */; };
		6809CD8E2EF3E0460061BDAA /* ClothingDetailView.swift in Sources */ = {isa = PBXBuildFile; fileRef = 6809CD8D2EF3E0460061BDAA /* ClothingDetailView.swift */; };
		6809CD972EF3FFBF0061BDAA /* LikesButton.swift in Sources */ = {isa = PBXBuildFile; fileRef = 6809CD962EF3FFBF0061BDAA /* LikesButton.swift */; };
		6809CDA02EF405CE0061BDAA /* ShareButton.swift in Sources */ = {isa = PBXBuildFile; fileRef = 6809CD9F2EF405CE0061BDAA /* ShareButton.swift */; };
		6809CDA22EF409B80061BDAA /* RatingLabel.swift in Sources */ = {isa = PBXBuildFile; fileRef = 6809CDA12EF409B80061BDAA /* RatingLabel.swift */; };
		6809CDA62EF40BB80061BDAA /* ProductImage.swift in Sources */ = {isa = PBXBuildFile; fileRef = 6809CDA52EF40BB80061BDAA /* ProductImage.swift */; };
		6809CDAA2EF435BA0061BDAA /* DescriptionRow.swift in Sources */ = {isa = PBXBuildFile; fileRef = 6809CDA92EF435BA0061BDAA /* DescriptionRow.swift */; };
		6809CDAC2EF44BCC0061BDAA /* ReviewRow.swift in Sources */ = {isa = PBXBuildFile; fileRef = 6809CDAB2EF44BCC0061BDAA /* ReviewRow.swift */; };
		6809CDAE2EF44DA90061BDAA /* StarButton.swift in Sources */ = {isa = PBXBuildFile; fileRef = 6809CDAD2EF44DA90061BDAA /* StarButton.swift */; };
		6809CDB22EF450AA0061BDAA /* ReviewInputView.swift in Sources */ = {isa = PBXBuildFile; fileRef = 6809CDB12EF450AA0061BDAA /* ReviewInputView.swift */; };
		682A95012F110586003D63CB /* PreviewContainer.swift in Sources */ = {isa = PBXBuildFile; fileRef = 682A95002F110586003D63CB /* PreviewContainer.swift */; };
		682A95032F11072E003D63CB /* PreviewItems.swift in Sources */ = {isa = PBXBuildFile; fileRef = 682A95022F11072E003D63CB /* PreviewItems.swift */; };
		685F52F02EF00CA600D4BB6C /* .gitignore in Resources */ = {isa = PBXBuildFile; fileRef = 685F52EF2EF00CA600D4BB6C /* .gitignore */; };
		6889DE5D2EF540070035BCE3 /* RootView.swift in Sources */ = {isa = PBXBuildFile; fileRef = 6889DE5C2EF540070035BCE3 /* RootView.swift */; };
		6889DE602EF5448D0035BCE3 /* LayoutRules.swift in Sources */ = {isa = PBXBuildFile; fileRef = 6889DE5F2EF5448D0035BCE3 /* LayoutRules.swift */; };
		6889DE662EF54EEB0035BCE3 /* ClothingContainerViewModel.swift in Sources */ = {isa = PBXBuildFile; fileRef = 6889DE652EF54EEB0035BCE3 /* ClothingContainerViewModel.swift */; };
		6889DE682EF558890035BCE3 /* ClothingCategoryRow.swift in Sources */ = {isa = PBXBuildFile; fileRef = 6889DE672EF558890035BCE3 /* ClothingCategoryRow.swift */; };
		6889DE6B2EF55BF30035BCE3 /* View+Extension.swift in Sources */ = {isa = PBXBuildFile; fileRef = 6889DE6A2EF55BF30035BCE3 /* View+Extension.swift */; };
		6889DE6F2EF57F5C0035BCE3 /* ClothingDetailContentView.swift in Sources */ = {isa = PBXBuildFile; fileRef = 6889DE6E2EF57F5C0035BCE3 /* ClothingDetailContentView.swift */; };
		6889DE712EF586B20035BCE3 /* ProductImageContainer.swift in Sources */ = {isa = PBXBuildFile; fileRef = 6889DE702EF586B20035BCE3 /* ProductImageContainer.swift */; };
		6889DE732EF58FEB0035BCE3 /* ClothingUserData.swift in Sources */ = {isa = PBXBuildFile; fileRef = 6889DE722EF58FEB0035BCE3 /* ClothingUserData.swift */; };
		6889DE752EF590700035BCE3 /* Category.swift in Sources */ = {isa = PBXBuildFile; fileRef = 6889DE742EF590700035BCE3 /* Category.swift */; };
		6889DE782EF5A01D0035BCE3 /* ClothingDescriptions.swift in Sources */ = {isa = PBXBuildFile; fileRef = 6889DE772EF5A01D0035BCE3 /* ClothingDescriptions.swift */; };
		6889DE7C2EF5A95A0035BCE3 /* ClothingDataManager.swift in Sources */ = {isa = PBXBuildFile; fileRef = 6889DE7B2EF5A95A0035BCE3 /* ClothingDataManager.swift */; };
/* End PBXBuildFile section */

/* Begin PBXFileReference section */
		6800E6BF2EEC621B00D07092 /* joiefull.app */ = {isa = PBXFileReference; explicitFileType = wrapper.application; includeInIndex = 0; path = joiefull.app; sourceTree = BUILT_PRODUCTS_DIR; };
		6800E6D02EEC654400D07092 /* Clothing.swift */ = {isa = PBXFileReference; lastKnownFileType = sourcecode.swift; path = Clothing.swift; sourceTree = "<group>"; };
		6800E6D22EEC654400D07092 /* Assets.xcassets */ = {isa = PBXFileReference; lastKnownFileType = folder.assetcatalog; path = Assets.xcassets; sourceTree = "<group>"; };
		6800E6D42EEC654400D07092 /* JoiefullApp.swift */ = {isa = PBXFileReference; lastKnownFileType = sourcecode.swift; path = JoiefullApp.swift; sourceTree = "<group>"; };
		6800E6DD2EEC658200D07092 /* Picture.swift */ = {isa = PBXFileReference; lastKnownFileType = sourcecode.swift; path = Picture.swift; sourceTree = "<group>"; };
		6800E6DF2EEC65A800D07092 /* ClothingService.swift */ = {isa = PBXFileReference; lastKnownFileType = sourcecode.swift; path = ClothingService.swift; sourceTree = "<group>"; };
		6800E6E12EEC65BE00D07092 /* ClothingLoadingViewModel.swift */ = {isa = PBXFileReference; lastKnownFileType = sourcecode.swift; path = ClothingLoadingViewModel.swift; sourceTree = "<group>"; };
		6809CD892EF3E0070061BDAA /* ClothingListView.swift */ = {isa = PBXFileReference; lastKnownFileType = sourcecode.swift; path = ClothingListView.swift; sourceTree = "<group>"; };
		6809CD8B2EF3E0290061BDAA /* ClothingCardView.swift */ = {isa = PBXFileReference; lastKnownFileType = sourcecode.swift; path = ClothingCardView.swift; sourceTree = "<group>"; };
		6809CD8D2EF3E0460061BDAA /* ClothingDetailView.swift */ = {isa = PBXFileReference; lastKnownFileType = sourcecode.swift; path = ClothingDetailView.swift; sourceTree = "<group>"; };
		6809CD952EF3EFA40061BDAA /* Info.plist */ = {isa = PBXFileReference; lastKnownFileType = text.plist.xml; path = Info.plist; sourceTree = "<group>"; };
		6809CD962EF3FFBF0061BDAA /* LikesButton.swift */ = {isa = PBXFileReference; lastKnownFileType = sourcecode.swift; path = LikesButton.swift; sourceTree = "<group>"; };
		6809CD9F2EF405CE0061BDAA /* ShareButton.swift */ = {isa = PBXFileReference; lastKnownFileType = sourcecode.swift; path = ShareButton.swift; sourceTree = "<group>"; };
		6809CDA12EF409B80061BDAA /* RatingLabel.swift */ = {isa = PBXFileReference; lastKnownFileType = sourcecode.swift; path = RatingLabel.swift; sourceTree = "<group>"; };
		6809CDA52EF40BB80061BDAA /* ProductImage.swift */ = {isa = PBXFileReference; lastKnownFileType = sourcecode.swift; path = ProductImage.swift; sourceTree = "<group>"; };
		6809CDA92EF435BA0061BDAA /* DescriptionRow.swift */ = {isa = PBXFileReference; lastKnownFileType = sourcecode.swift; path = DescriptionRow.swift; sourceTree = "<group>"; };
		6809CDAB2EF44BCC0061BDAA /* ReviewRow.swift */ = {isa = PBXFileReference; lastKnownFileType = sourcecode.swift; path = ReviewRow.swift; sourceTree = "<group>"; };
		6809CDAD2EF44DA90061BDAA /* StarButton.swift */ = {isa = PBXFileReference; lastKnownFileType = sourcecode.swift; path = StarButton.swift; sourceTree = "<group>"; };
		6809CDB12EF450AA0061BDAA /* ReviewInputView.swift */ = {isa = PBXFileReference; lastKnownFileType = sourcecode.swift; path = ReviewInputView.swift; sourceTree = "<group>"; };
		682A95002F110586003D63CB /* PreviewContainer.swift */ = {isa = PBXFileReference; lastKnownFileType = sourcecode.swift; path = PreviewContainer.swift; sourceTree = "<group>"; };
		682A95022F11072E003D63CB /* PreviewItems.swift */ = {isa = PBXFileReference; lastKnownFileType = sourcecode.swift; path = PreviewItems.swift; sourceTree = "<group>"; };
		685F52EF2EF00CA600D4BB6C /* .gitignore */ = {isa = PBXFileReference; lastKnownFileType = text; path = .gitignore; sourceTree = "<group>"; };
		6889DE5C2EF540070035BCE3 /* RootView.swift */ = {isa = PBXFileReference; lastKnownFileType = sourcecode.swift; path = RootView.swift; sourceTree = "<group>"; };
		6889DE5F2EF5448D0035BCE3 /* LayoutRules.swift */ = {isa = PBXFileReference; lastKnownFileType = sourcecode.swift; path = LayoutRules.swift; sourceTree = "<group>"; };
		6889DE652EF54EEB0035BCE3 /* ClothingContainerViewModel.swift */ = {isa = PBXFileReference; lastKnownFileType = sourcecode.swift; path = ClothingContainerViewModel.swift; sourceTree = "<group>"; };
		6889DE672EF558890035BCE3 /* ClothingCategoryRow.swift */ = {isa = PBXFileReference; lastKnownFileType = sourcecode.swift; path = ClothingCategoryRow.swift; sourceTree = "<group>"; };
		6889DE6A2EF55BF30035BCE3 /* View+Extension.swift */ = {isa = PBXFileReference; lastKnownFileType = sourcecode.swift; path = "View+Extension.swift"; sourceTree = "<group>"; };
		6889DE6E2EF57F5C0035BCE3 /* ClothingDetailContentView.swift */ = {isa = PBXFileReference; lastKnownFileType = sourcecode.swift; path = ClothingDetailContentView.swift; sourceTree = "<group>"; };
		6889DE702EF586B20035BCE3 /* ProductImageContainer.swift */ = {isa = PBXFileReference; lastKnownFileType = sourcecode.swift; path = ProductImageContainer.swift; sourceTree = "<group>"; };
		6889DE722EF58FEB0035BCE3 /* ClothingUserData.swift */ = {isa = PBXFileReference; lastKnownFileType = sourcecode.swift; path = ClothingUserData.swift; sourceTree = "<group>"; };
		6889DE742EF590700035BCE3 /* Category.swift */ = {isa = PBXFileReference; lastKnownFileType = sourcecode.swift; path = Category.swift; sourceTree = "<group>"; };
		6889DE772EF5A01D0035BCE3 /* ClothingDescriptions.swift */ = {isa = PBXFileReference; lastKnownFileType = sourcecode.swift; path = ClothingDescriptions.swift; sourceTree = "<group>"; };
		6889DE7B2EF5A95A0035BCE3 /* ClothingDataManager.swift */ = {isa = PBXFileReference; lastKnownFileType = sourcecode.swift; path = ClothingDataManager.swift; sourceTree = "<group>"; };
/* End PBXFileReference section */

/* Begin PBXFrameworksBuildPhase section */
		6800E6BC2EEC621B00D07092 /* Frameworks */ = {
			isa = PBXFrameworksBuildPhase;
			buildActionMask = 2147483647;
			files = (
			);
			runOnlyForDeploymentPostprocessing = 0;
		};
/* End PBXFrameworksBuildPhase section */

/* Begin PBXGroup section */
		6800E6B62EEC621B00D07092 = {
			isa = PBXGroup;
			children = (
				6800E6D52EEC654400D07092 /* joiefull */,
				685F52EF2EF00CA600D4BB6C /* .gitignore */,
				6800E6C02EEC621B00D07092 /* Products */,
			);
			sourceTree = "<group>";
		};
		6800E6C02EEC621B00D07092 /* Products */ = {
			isa = PBXGroup;
			children = (
				6800E6BF2EEC621B00D07092 /* joiefull.app */,
			);
			name = Products;
			sourceTree = "<group>";
		};
		6800E6D12EEC654400D07092 /* Models */ = {
			isa = PBXGroup;
			children = (
				6800E6D02EEC654400D07092 /* Clothing.swift */,
				6800E6DD2EEC658200D07092 /* Picture.swift */,
				6889DE742EF590700035BCE3 /* Category.swift */,
			);
			path = Models;
			sourceTree = "<group>";
		};
		6800E6D52EEC654400D07092 /* joiefull */ = {
			isa = PBXGroup;
			children = (
				682A94FF2F110566003D63CB /* Preview */,
				6800E6D12EEC654400D07092 /* Models */,
				6889DE762EF5A0070035BCE3 /* Data */,
				6800E6DA2EEC655100D07092 /* Network */,
				6800E6DB2EEC655A00D07092 /* ViewModel */,
				6800E6DC2EEC656300D07092 /* Views */,
				6889DE5E2EF5445D0035BCE3 /* Layout */,
				6889DE692EF55BE60035BCE3 /* Utils */,
				6800E6D22EEC654400D07092 /* Assets.xcassets */,
				6800E6D42EEC654400D07092 /* JoiefullApp.swift */,
			);
			path = joiefull;
			sourceTree = "<group>";
		};
		6800E6DA2EEC655100D07092 /* Network */ = {
			isa = PBXGroup;
			children = (
				6800E6DF2EEC65A800D07092 /* ClothingService.swift */,
			);
			path = Network;
			sourceTree = "<group>";
		};
		6800E6DB2EEC655A00D07092 /* ViewModel */ = {
			isa = PBXGroup;
			children = (
				6800E6E12EEC65BE00D07092 /* ClothingLoadingViewModel.swift */,
				6889DE652EF54EEB0035BCE3 /* ClothingContainerViewModel.swift */,
			);
			path = ViewModel;
			sourceTree = "<group>";
		};
		6800E6DC2EEC656300D07092 /* Views */ = {
			isa = PBXGroup;
			children = (
				6889DE6D2EF57EB90035BCE3 /* LayoutComponents */,
				6889DE6C2EF57E490035BCE3 /* ItemDescription */,
				6809CD982EF4035A0061BDAA /* Buttons */,
				6809CD892EF3E0070061BDAA /* ClothingListView.swift */,
				6809CD8B2EF3E0290061BDAA /* ClothingCardView.swift */,
				6809CD8D2EF3E0460061BDAA /* ClothingDetailView.swift */,
			);
			path = Views;
			sourceTree = "<group>";
		};
		6809CD982EF4035A0061BDAA /* Buttons */ = {
			isa = PBXGroup;
			children = (
				6809CD962EF3FFBF0061BDAA /* LikesButton.swift */,
				6809CD9F2EF405CE0061BDAA /* ShareButton.swift */,
				6809CDAD2EF44DA90061BDAA /* StarButton.swift */,
			);
			path = Buttons;
			sourceTree = "<group>";
		};
		682A94FF2F110566003D63CB /* Preview */ = {
			isa = PBXGroup;
			children = (
				682A95002F110586003D63CB /* PreviewContainer.swift */,
				682A95022F11072E003D63CB /* PreviewItems.swift */,
			);
			path = Preview;
			sourceTree = "<group>";
		};
		6889DE5E2EF5445D0035BCE3 /* Layout */ = {
			isa = PBXGroup;
			children = (
				6889DE5C2EF540070035BCE3 /* RootView.swift */,
				6889DE5F2EF5448D0035BCE3 /* LayoutRules.swift */,
			);
			path = Layout;
			sourceTree = "<group>";
		};
		6889DE692EF55BE60035BCE3 /* Utils */ = {
			isa = PBXGroup;
			children = (
				6889DE6A2EF55BF30035BCE3 /* View+Extension.swift */,
				6809CD952EF3EFA40061BDAA /* Info.plist */,
			);
			path = Utils;
			sourceTree = "<group>";
		};
		6889DE6C2EF57E490035BCE3 /* ItemDescription */ = {
			isa = PBXGroup;
			children = (
				6809CDA92EF435BA0061BDAA /* DescriptionRow.swift */,
				6809CDA12EF409B80061BDAA /* RatingLabel.swift */,
				6809CDB12EF450AA0061BDAA /* ReviewInputView.swift */,
				6809CDAB2EF44BCC0061BDAA /* ReviewRow.swift */,
				6889DE6E2EF57F5C0035BCE3 /* ClothingDetailContentView.swift */,
			);
			path = ItemDescription;
			sourceTree = "<group>";
		};
		6889DE6D2EF57EB90035BCE3 /* LayoutComponents */ = {
			isa = PBXGroup;
			children = (
				6889DE672EF558890035BCE3 /* ClothingCategoryRow.swift */,
				6809CDA52EF40BB80061BDAA /* ProductImage.swift */,
				6889DE702EF586B20035BCE3 /* ProductImageContainer.swift */,
			);
			path = LayoutComponents;
			sourceTree = "<group>";
		};
		6889DE762EF5A0070035BCE3 /* Data */ = {
			isa = PBXGroup;
			children = (
				6889DE722EF58FEB0035BCE3 /* ClothingUserData.swift */,
				6889DE772EF5A01D0035BCE3 /* ClothingDescriptions.swift */,
				6889DE7B2EF5A95A0035BCE3 /* ClothingDataManager.swift */,
			);
			path = Data;
			sourceTree = "<group>";
		};
/* End PBXGroup section */

/* Begin PBXNativeTarget section */
		6800E6BE2EEC621B00D07092 /* joiefull */ = {
			isa = PBXNativeTarget;
			buildConfigurationList = 6800E6CA2EEC621D00D07092 /* Build configuration list for PBXNativeTarget "joiefull" */;
			buildPhases = (
				6800E6BB2EEC621B00D07092 /* Sources */,
				6800E6BC2EEC621B00D07092 /* Frameworks */,
				6800E6BD2EEC621B00D07092 /* Resources */,
			);
			buildRules = (
			);
			dependencies = (
			);
			name = joiefull;
			packageProductDependencies = (
			);
			productName = joiefull;
			productReference = 6800E6BF2EEC621B00D07092 /* joiefull.app */;
			productType = "com.apple.product-type.application";
		};
/* End PBXNativeTarget section */

/* Begin PBXProject section */
		6800E6B72EEC621B00D07092 /* Project object */ = {
			isa = PBXProject;
			attributes = {
				BuildIndependentTargetsInParallel = 1;
				LastSwiftUpdateCheck = 2610;
				LastUpgradeCheck = 2610;
				TargetAttributes = {
					6800E6BE2EEC621B00D07092 = {
						CreatedOnToolsVersion = 26.1.1;
					};
				};
			};
			buildConfigurationList = 6800E6BA2EEC621B00D07092 /* Build configuration list for PBXProject "joiefull" */;
			developmentRegion = en;
			hasScannedForEncodings = 0;
			knownRegions = (
				en,
				Base,
			);
			mainGroup = 6800E6B62EEC621B00D07092;
			minimizedProjectReferenceProxies = 1;
			preferredProjectObjectVersion = 77;
			productRefGroup = 6800E6C02EEC621B00D07092 /* Products */;
			projectDirPath = "";
			projectRoot = "";
			targets = (
				6800E6BE2EEC621B00D07092 /* joiefull */,
			);
		};
/* End PBXProject section */

/* Begin PBXResourcesBuildPhase section */
		6800E6BD2EEC621B00D07092 /* Resources */ = {
			isa = PBXResourcesBuildPhase;
			buildActionMask = 2147483647;
			files = (
				685F52F02EF00CA600D4BB6C /* .gitignore in Resources */,
				6800E6D62EEC654400D07092 /* Assets.xcassets in Resources */,
			);
			runOnlyForDeploymentPostprocessing = 0;
		};
/* End PBXResourcesBuildPhase section */

/* Begin PBXSourcesBuildPhase section */
		6800E6BB2EEC621B00D07092 /* Sources */ = {
			isa = PBXSourcesBuildPhase;
			buildActionMask = 2147483647;
			files = (
				6800E6E02EEC65A800D07092 /* ClothingService.swift in Sources */,
				6809CDAE2EF44DA90061BDAA /* StarButton.swift in Sources */,
				682A95032F11072E003D63CB /* PreviewItems.swift in Sources */,
				6889DE732EF58FEB0035BCE3 /* ClothingUserData.swift in Sources */,
				6809CD972EF3FFBF0061BDAA /* LikesButton.swift in Sources */,
				6889DE5D2EF540070035BCE3 /* RootView.swift in Sources */,
				6809CDAA2EF435BA0061BDAA /* DescriptionRow.swift in Sources */,
				6889DE782EF5A01D0035BCE3 /* ClothingDescriptions.swift in Sources */,
				6809CDAC2EF44BCC0061BDAA /* ReviewRow.swift in Sources */,
				6889DE682EF558890035BCE3 /* ClothingCategoryRow.swift in Sources */,
				6889DE6F2EF57F5C0035BCE3 /* ClothingDetailContentView.swift in Sources */,
				6809CDA62EF40BB80061BDAA /* ProductImage.swift in Sources */,
				6809CDB22EF450AA0061BDAA /* ReviewInputView.swift in Sources */,
				6800E6DE2EEC658200D07092 /* Picture.swift in Sources */,
				6800E6D72EEC654400D07092 /* Clothing.swift in Sources */,
				6889DE662EF54EEB0035BCE3 /* ClothingContainerViewModel.swift in Sources */,
				6809CD8A2EF3E0070061BDAA /* ClothingListView.swift in Sources */,
				6809CD8E2EF3E0460061BDAA /* ClothingDetailView.swift in Sources */,
				6889DE752EF590700035BCE3 /* Category.swift in Sources */,
				6889DE602EF5448D0035BCE3 /* LayoutRules.swift in Sources */,
				6800E6E22EEC65BE00D07092 /* ClothingLoadingViewModel.swift in Sources */,
				6889DE712EF586B20035BCE3 /* ProductImageContainer.swift in Sources */,
				6809CDA22EF409B80061BDAA /* RatingLabel.swift in Sources */,
				6809CD8C2EF3E0290061BDAA /* ClothingCardView.swift in Sources */,
				6800E6D92EEC654400D07092 /* JoiefullApp.swift in Sources */,
				6889DE6B2EF55BF30035BCE3 /* View+Extension.swift in Sources */,
				6889DE7C2EF5A95A0035BCE3 /* ClothingDataManager.swift in Sources */,
				682A95012F110586003D63CB /* PreviewContainer.swift in Sources */,
				6809CDA02EF405CE0061BDAA /* ShareButton.swift in Sources */,
			);
			runOnlyForDeploymentPostprocessing = 0;
		};
/* End PBXSourcesBuildPhase section */

/* Begin XCBuildConfiguration section */
		6800E6C82EEC621D00D07092 /* Debug */ = {
			isa = XCBuildConfiguration;
			buildSettings = {
				ALWAYS_SEARCH_USER_PATHS = NO;
				ASSETCATALOG_COMPILER_GENERATE_SWIFT_ASSET_SYMBOL_EXTENSIONS = YES;
				CLANG_ANALYZER_NONNULL = YES;
				CLANG_ANALYZER_NUMBER_OBJECT_CONVERSION = YES_AGGRESSIVE;
				CLANG_CXX_LANGUAGE_STANDARD = "gnu++20";
				CLANG_ENABLE_MODULES = YES;
				CLANG_ENABLE_OBJC_ARC = YES;
				CLANG_ENABLE_OBJC_WEAK = YES;
				CLANG_WARN_BLOCK_CAPTURE_AUTORELEASING = YES;
				CLANG_WARN_BOOL_CONVERSION = YES;
				CLANG_WARN_COMMA = YES;
				CLANG_WARN_CONSTANT_CONVERSION = YES;
				CLANG_WARN_DEPRECATED_OBJC_IMPLEMENTATIONS = YES;
				CLANG_WARN_DIRECT_OBJC_ISA_USAGE = YES_ERROR;
				CLANG_WARN_DOCUMENTATION_COMMENTS = YES;
				CLANG_WARN_EMPTY_BODY = YES;
				CLANG_WARN_ENUM_CONVERSION = YES;
				CLANG_WARN_INFINITE_RECURSION = YES;
				CLANG_WARN_INT_CONVERSION = YES;
				CLANG_WARN_NON_LITERAL_NULL_CONVERSION = YES;
				CLANG_WARN_OBJC_IMPLICIT_RETAIN_SELF = YES;
				CLANG_WARN_OBJC_LITERAL_CONVERSION = YES;
				CLANG_WARN_OBJC_ROOT_CLASS = YES_ERROR;
				CLANG_WARN_QUOTED_INCLUDE_IN_FRAMEWORK_HEADER = YES;
				CLANG_WARN_RANGE_LOOP_ANALYSIS = YES;
				CLANG_WARN_STRICT_PROTOTYPES = YES;
				CLANG_WARN_SUSPICIOUS_MOVE = YES;
				CLANG_WARN_UNGUARDED_AVAILABILITY = YES_AGGRESSIVE;
				CLANG_WARN_UNREACHABLE_CODE = YES;
				CLANG_WARN__DUPLICATE_METHOD_MATCH = YES;
				COPY_PHASE_STRIP = NO;
				DEBUG_INFORMATION_FORMAT = dwarf;
				DEVELOPMENT_TEAM = F435NP2676;
				ENABLE_STRICT_OBJC_MSGSEND = YES;
				ENABLE_TESTABILITY = YES;
				ENABLE_USER_SCRIPT_SANDBOXING = YES;
				GCC_C_LANGUAGE_STANDARD = gnu17;
				GCC_DYNAMIC_NO_PIC = NO;
				GCC_NO_COMMON_BLOCKS = YES;
				GCC_OPTIMIZATION_LEVEL = 0;
				GCC_PREPROCESSOR_DEFINITIONS = (
					"DEBUG=1",
					"$(inherited)",
				);
				GCC_WARN_64_TO_32_BIT_CONVERSION = YES;
				GCC_WARN_ABOUT_RETURN_TYPE = YES_ERROR;
				GCC_WARN_UNDECLARED_SELECTOR = YES;
				GCC_WARN_UNINITIALIZED_AUTOS = YES_AGGRESSIVE;
				GCC_WARN_UNUSED_FUNCTION = YES;
				GCC_WARN_UNUSED_VARIABLE = YES;
				IPHONEOS_DEPLOYMENT_TARGET = 26.1;
				LOCALIZATION_PREFERS_STRING_CATALOGS = YES;
				MTL_ENABLE_DEBUG_INFO = INCLUDE_SOURCE;
				MTL_FAST_MATH = YES;
				ONLY_ACTIVE_ARCH = YES;
				SDKROOT = iphoneos;
				SWIFT_ACTIVE_COMPILATION_CONDITIONS = "DEBUG $(inherited)";
				SWIFT_OPTIMIZATION_LEVEL = "-Onone";
			};
			name = Debug;
		};
		6800E6C92EEC621D00D07092 /* Release */ = {
			isa = XCBuildConfiguration;
			buildSettings = {
				ALWAYS_SEARCH_USER_PATHS = NO;
				ASSETCATALOG_COMPILER_GENERATE_SWIFT_ASSET_SYMBOL_EXTENSIONS = YES;
				CLANG_ANALYZER_NONNULL = YES;
				CLANG_ANALYZER_NUMBER_OBJECT_CONVERSION = YES_AGGRESSIVE;
				CLANG_CXX_LANGUAGE_STANDARD = "gnu++20";
				CLANG_ENABLE_MODULES = YES;
				CLANG_ENABLE_OBJC_ARC = YES;
				CLANG_ENABLE_OBJC_WEAK = YES;
				CLANG_WARN_BLOCK_CAPTURE_AUTORELEASING = YES;
				CLANG_WARN_BOOL_CONVERSION = YES;
				CLANG_WARN_COMMA = YES;
				CLANG_WARN_CONSTANT_CONVERSION = YES;
				CLANG_WARN_DEPRECATED_OBJC_IMPLEMENTATIONS = YES;
				CLANG_WARN_DIRECT_OBJC_ISA_USAGE = YES_ERROR;
				CLANG_WARN_DOCUMENTATION_COMMENTS = YES;
				CLANG_WARN_EMPTY_BODY = YES;
				CLANG_WARN_ENUM_CONVERSION = YES;
				CLANG_WARN_INFINITE_RECURSION = YES;
				CLANG_WARN_INT_CONVERSION = YES;
				CLANG_WARN_NON_LITERAL_NULL_CONVERSION = YES;
				CLANG_WARN_OBJC_IMPLICIT_RETAIN_SELF = YES;
				CLANG_WARN_OBJC_LITERAL_CONVERSION = YES;
				CLANG_WARN_OBJC_ROOT_CLASS = YES_ERROR;
				CLANG_WARN_QUOTED_INCLUDE_IN_FRAMEWORK_HEADER = YES;
				CLANG_WARN_RANGE_LOOP_ANALYSIS = YES;
				CLANG_WARN_STRICT_PROTOTYPES = YES;
				CLANG_WARN_SUSPICIOUS_MOVE = YES;
				CLANG_WARN_UNGUARDED_AVAILABILITY = YES_AGGRESSIVE;
				CLANG_WARN_UNREACHABLE_CODE = YES;
				CLANG_WARN__DUPLICATE_METHOD_MATCH = YES;
				COPY_PHASE_STRIP = NO;
				DEBUG_INFORMATION_FORMAT = "dwarf-with-dsym";
				DEVELOPMENT_TEAM = F435NP2676;
				ENABLE_NS_ASSERTIONS = NO;
				ENABLE_STRICT_OBJC_MSGSEND = YES;
				ENABLE_USER_SCRIPT_SANDBOXING = YES;
				GCC_C_LANGUAGE_STANDARD = gnu17;
				GCC_NO_COMMON_BLOCKS = YES;
				GCC_WARN_64_TO_32_BIT_CONVERSION = YES;
				GCC_WARN_ABOUT_RETURN_TYPE = YES_ERROR;
				GCC_WARN_UNDECLARED_SELECTOR = YES;
				GCC_WARN_UNINITIALIZED_AUTOS = YES_AGGRESSIVE;
				GCC_WARN_UNUSED_FUNCTION = YES;
				GCC_WARN_UNUSED_VARIABLE = YES;
				IPHONEOS_DEPLOYMENT_TARGET = 26.1;
				LOCALIZATION_PREFERS_STRING_CATALOGS = YES;
				MTL_ENABLE_DEBUG_INFO = NO;
				MTL_FAST_MATH = YES;
				SDKROOT = iphoneos;
				SWIFT_COMPILATION_MODE = wholemodule;
				VALIDATE_PRODUCT = YES;
			};
			name = Release;
		};
		6800E6CB2EEC621D00D07092 /* Debug */ = {
			isa = XCBuildConfiguration;
			buildSettings = {
				ASSETCATALOG_COMPILER_APPICON_NAME = AppIcon;
				ASSETCATALOG_COMPILER_GLOBAL_ACCENT_COLOR_NAME = AccentColor;
				CODE_SIGN_STYLE = Automatic;
				CURRENT_PROJECT_VERSION = 1;
				DEVELOPMENT_TEAM = F435NP2676;
				ENABLE_PREVIEWS = YES;
				GENERATE_INFOPLIST_FILE = YES;
				INFOPLIST_FILE = joiefull/Utils/Info.plist;
				INFOPLIST_KEY_UIApplicationSceneManifest_Generation = YES;
				INFOPLIST_KEY_UIApplicationSupportsIndirectInputEvents = YES;
				INFOPLIST_KEY_UILaunchStoryboardName = "";
				INFOPLIST_KEY_UISupportedInterfaceOrientations_iPad = "UIInterfaceOrientationPortrait UIInterfaceOrientationPortraitUpsideDown UIInterfaceOrientationLandscapeLeft UIInterfaceOrientationLandscapeRight";
				INFOPLIST_KEY_UISupportedInterfaceOrientations_iPhone = "UIInterfaceOrientationPortrait UIInterfaceOrientationLandscapeLeft UIInterfaceOrientationLandscapeRight";
				IPHONEOS_DEPLOYMENT_TARGET = 18.0;
				LD_RUNPATH_SEARCH_PATHS = (
					"$(inherited)",
					"@executable_path/Frameworks",
				);
				MARKETING_VERSION = 1.0;
				PRODUCT_BUNDLE_IDENTIFIER = com.juliencotte.joiefull;
				PRODUCT_NAME = "$(TARGET_NAME)";
				STRING_CATALOG_GENERATE_SYMBOLS = YES;
				SUPPORTED_PLATFORMS = "iphoneos iphonesimulator";
				SUPPORTS_MACCATALYST = NO;
				SUPPORTS_MAC_DESIGNED_FOR_IPHONE_IPAD = NO;
				SUPPORTS_XR_DESIGNED_FOR_IPHONE_IPAD = NO;
				SWIFT_APPROACHABLE_CONCURRENCY = YES;
				SWIFT_DEFAULT_ACTOR_ISOLATION = MainActor;
				SWIFT_EMIT_LOC_STRINGS = YES;
				SWIFT_UPCOMING_FEATURE_MEMBER_IMPORT_VISIBILITY = YES;
				SWIFT_VERSION = 5.0;
				TARGETED_DEVICE_FAMILY = "1,2";
			};
			name = Debug;
		};
		6800E6CC2EEC621D00D07092 /* Release */ = {
			isa = XCBuildConfiguration;
			buildSettings = {
				ASSETCATALOG_COMPILER_APPICON_NAME = AppIcon;
				ASSETCATALOG_COMPILER_GLOBAL_ACCENT_COLOR_NAME = AccentColor;
				CODE_SIGN_STYLE = Automatic;
				CURRENT_PROJECT_VERSION = 1;
				DEVELOPMENT_TEAM = F435NP2676;
				ENABLE_PREVIEWS = YES;
				GENERATE_INFOPLIST_FILE = YES;
				INFOPLIST_FILE = joiefull/Utils/Info.plist;
				INFOPLIST_KEY_UIApplicationSceneManifest_Generation = YES;
				INFOPLIST_KEY_UIApplicationSupportsIndirectInputEvents = YES;
				INFOPLIST_KEY_UILaunchStoryboardName = "";
				INFOPLIST_KEY_UISupportedInterfaceOrientations_iPad = "UIInterfaceOrientationPortrait UIInterfaceOrientationPortraitUpsideDown UIInterfaceOrientationLandscapeLeft UIInterfaceOrientationLandscapeRight";
				INFOPLIST_KEY_UISupportedInterfaceOrientations_iPhone = "UIInterfaceOrientationPortrait UIInterfaceOrientationLandscapeLeft UIInterfaceOrientationLandscapeRight";
				IPHONEOS_DEPLOYMENT_TARGET = 18.0;
				LD_RUNPATH_SEARCH_PATHS = (
					"$(inherited)",
					"@executable_path/Frameworks",
				);
				MARKETING_VERSION = 1.0;
				PRODUCT_BUNDLE_IDENTIFIER = com.juliencotte.joiefull;
				PRODUCT_NAME = "$(TARGET_NAME)";
				STRING_CATALOG_GENERATE_SYMBOLS = YES;
				SUPPORTED_PLATFORMS = "iphoneos iphonesimulator";
				SUPPORTS_MACCATALYST = NO;
				SUPPORTS_MAC_DESIGNED_FOR_IPHONE_IPAD = NO;
				SUPPORTS_XR_DESIGNED_FOR_IPHONE_IPAD = NO;
				SWIFT_APPROACHABLE_CONCURRENCY = YES;
				SWIFT_DEFAULT_ACTOR_ISOLATION = MainActor;
				SWIFT_EMIT_LOC_STRINGS = YES;
				SWIFT_UPCOMING_FEATURE_MEMBER_IMPORT_VISIBILITY = YES;
				SWIFT_VERSION = 5.0;
				TARGETED_DEVICE_FAMILY = "1,2";
			};
			name = Release;
		};
/* End XCBuildConfiguration section */

/* Begin XCConfigurationList section */
		6800E6BA2EEC621B00D07092 /* Build configuration list for PBXProject "joiefull" */ = {
			isa = XCConfigurationList;
			buildConfigurations = (
				6800E6C82EEC621D00D07092 /* Debug */,
				6800E6C92EEC621D00D07092 /* Release */,
			);
			defaultConfigurationIsVisible = 0;
			defaultConfigurationName = Release;
		};
		6800E6CA2EEC621D00D07092 /* Build configuration list for PBXNativeTarget "joiefull" */ = {
			isa = XCConfigurationList;
			buildConfigurations = (
				6800E6CB2EEC621D00D07092 /* Debug */,
				6800E6CC2EEC621D00D07092 /* Release */,
			);
			defaultConfigurationIsVisible = 0;
			defaultConfigurationName = Release;
		};
/* End XCConfigurationList section */
	};
	rootObject = 6800E6B72EEC621B00D07092 /* Project object */;
}
